
Microsoft Visual Studio Solution File, Format Version 12.00
# Visual Studio Version 16
VisualStudioVersion = 16.0.30711.63
MinimumVisualStudioVersion = 10.0.40219.1
Project("{FAE04EC0-301F-11D3-BF4B-00C04F79EFBC}") = "WebApp", "WebApp\WebApp.csproj", "{6FECDDCF-6FF5-4A2C-926A-826F5EB9093E}"
EndProject
Project("{FAE04EC0-301F-11D3-BF4B-00C04F79EFBC}") = "ChinookSystem", "ChinookSystem\ChinookSystem.csproj", "{51735395-D817-4005-A78B-30E929C5AB6F}"
EndProject
Global
	GlobalSection(SolutionConfigurationPlatforms) = preSolution
		Debug|Any CPU = Debug|Any CPU
		Release|Any CPU = Release|Any CPU
	EndGlobalSection
	GlobalSection(ProjectConfigurationPlatforms) = postSolution
		{6FECDDCF-6FF5-4A2C-926A-826F5EB9093E}.Debug|Any CPU.ActiveCfg = Debug|Any CPU
		{6FECDDCF-6FF5-4A2C-926A-826F5EB9093E}.Debug|Any CPU.Build.0 = Debug|Any CPU
		{6FECDDCF-6FF5-4A2C-926A-826F5EB9093E}.Release|Any CPU.ActiveCfg = Release|Any CPU
		{6FECDDCF-6FF5-4A2C-926A-826F5EB9093E}.Release|Any CPU.Build.0 = Release|Any CPU
		{51735395-D817-4005-A78B-30E929C5AB6F}.Debug|Any CPU.ActiveCfg = Debug|Any CPU
		{51735395-D817-4005-A78B-30E929C5AB6F}.Debug|Any CPU.Build.0 = Debug|Any CPU
		{51735395-D817-4005-A78B-30E929C5AB6F}.Release|Any CPU.ActiveCfg = Release|Any CPU
		{51735395-D817-4005-A78B-30E929C5AB6F}.Release|Any CPU.Build.0 = Release|Any CPU
	EndGlobalSection
	GlobalSection(SolutionProperties) = preSolution
		HideSolutionNode = FALSE
	EndGlobalSection
	GlobalSection(ExtensibilityGlobals) = postSolution
		SolutionGuid = {32268AA5-6E7C-4A34-BA7E-8A8D8E5F303A}
	EndGlobalSection
EndGlobal
